// !$*UTF8*$!
{
	archiveVersion = 1;
	classes = {
	};
	objectVersion = 50;
	objects = {

/* Begin PBXBuildFile section */
		C1C86ABA25B08C3900F24EE6 /* AppDelegate.swift in Sources */ = {isa = PBXBuildFile; fileRef = C1C86AB925B08C3900F24EE6 /* AppDelegate.swift */; };
		C1C86ABC25B08C3900F24EE6 /* SceneDelegate.swift in Sources */ = {isa = PBXBuildFile; fileRef = C1C86ABB25B08C3900F24EE6 /* SceneDelegate.swift */; };
		C1C86ABE25B08C3900F24EE6 /* ViewController.swift in Sources */ = {isa = PBXBuildFile; fileRef = C1C86ABD25B08C3900F24EE6 /* ViewController.swift */; };
		C1C86AC125B08C3900F24EE6 /* Main.storyboard in Resources */ = {isa = PBXBuildFile; fileRef = C1C86ABF25B08C3900F24EE6 /* Main.storyboard */; };
		C1C86AC325B08C3B00F24EE6 /* Assets.xcassets in Resources */ = {isa = PBXBuildFile; fileRef = C1C86AC225B08C3B00F24EE6 /* Assets.xcassets */; };
		C1C86AC625B08C3B00F24EE6 /* LaunchScreen.storyboard in Resources */ = {isa = PBXBuildFile; fileRef = C1C86AC425B08C3B00F24EE6 /* LaunchScreen.storyboard */; };
		C1C86ACE25B2C3FA00F24EE6 /* HistoryViewController.swift in Sources */ = {isa = PBXBuildFile; fileRef = C1C86ACD25B2C3FA00F24EE6 /* HistoryViewController.swift */; };
		C1C86AD125B2C44000F24EE6 /* MyTableViewCell.swift in Sources */ = {isa = PBXBuildFile; fileRef = C1C86ACF25B2C44000F24EE6 /* MyTableViewCell.swift */; };
		C1C86AD225B2C44000F24EE6 /* MyTableViewCell.xib in Resources */ = {isa = PBXBuildFile; fileRef = C1C86AD025B2C44000F24EE6 /* MyTableViewCell.xib */; };
		C1C86AD425B2C4E700F24EE6 /* DetailViewController.swift in Sources */ = {isa = PBXBuildFile; fileRef = C1C86AD325B2C4E700F24EE6 /* DetailViewController.swift */; };
		C1C86AD625B2C50F00F24EE6 /* common.swift in Sources */ = {isa = PBXBuildFile; fileRef = C1C86AD525B2C50F00F24EE6 /* common.swift */; };
/* End PBXBuildFile section */

/* Begin PBXFileReference section */
		C1C86AB625B08C3900F24EE6 /* EndPoint.app */ = {isa = PBXFileReference; explicitFileType = wrapper.application; includeInIndex = 0; path = EndPoint.app; sourceTree = BUILT_PRODUCTS_DIR; };
		C1C86AB925B08C3900F24EE6 /* AppDelegate.swift */ = {isa = PBXFileReference; lastKnownFileType = sourcecode.swift; path = AppDelegate.swift; sourceTree = "<group>"; };
		C1C86ABB25B08C3900F24EE6 /* SceneDelegate.swift */ = {isa = PBXFileReference; lastKnownFileType = sourcecode.swift; path = SceneDelegate.swift; sourceTree = "<group>"; };
		C1C86ABD25B08C3900F24EE6 /* ViewController.swift */ = {isa = PBXFileReference; lastKnownFileType = sourcecode.swift; path = ViewController.swift; sourceTree = "<group>"; };
		C1C86AC025B08C3900F24EE6 /* Base */ = {isa = PBXFileReference; lastKnownFileType = file.storyboard; name = Base; path = Base.lproj/Main.storyboard; sourceTree = "<group>"; };
		C1C86AC225B08C3B00F24EE6 /* Assets.xcassets */ = {isa = PBXFileReference; lastKnownFileType = folder.assetcatalog; path = Assets.xcassets; sourceTree = "<group>"; };
		C1C86AC525B08C3B00F24EE6 /* Base */ = {isa = PBXFileReference; lastKnownFileType = file.storyboard; name = Base; path = Base.lproj/LaunchScreen.storyboard; sourceTree = "<group>"; };
		C1C86AC725B08C3B00F24EE6 /* Info.plist */ = {isa = PBXFileReference; lastKnownFileType = text.plist.xml; path = Info.plist; sourceTree = "<group>"; };
		C1C86ACD25B2C3FA00F24EE6 /* HistoryViewController.swift */ = {isa = PBXFileReference; lastKnownFileType = sourcecode.swift; path = HistoryViewController.swift; sourceTree = "<group>"; };
		C1C86ACF25B2C44000F24EE6 /* MyTableViewCell.swift */ = {isa = PBXFileReference; lastKnownFileType = sourcecode.swift; path = MyTableViewCell.swift; sourceTree = "<group>"; };
		C1C86AD025B2C44000F24EE6 /* MyTableViewCell.xib */ = {isa = PBXFileReference; lastKnownFileType = file.xib; path = MyTableViewCell.xib; sourceTree = "<group>"; };
		C1C86AD325B2C4E700F24EE6 /* DetailViewController.swift */ = {isa = PBXFileReference; lastKnownFileType = sourcecode.swift; path = DetailViewController.swift; sourceTree = "<group>"; };
		C1C86AD525B2C50F00F24EE6 /* common.swift */ = {isa = PBXFileReference; lastKnownFileType = sourcecode.swift; path = common.swift; sourceTree = "<group>"; };
/* End PBXFileReference section */

/* Begin PBXFrameworksBuildPhase section */
		C1C86AB325B08C3900F24EE6 /* Frameworks */ = {
			isa = PBXFrameworksBuildPhase;
			buildActionMask = 2147483647;
			files = (
			);
			runOnlyForDeploymentPostprocessing = 0;
		};
/* End PBXFrameworksBuildPhase section */

/* Begin PBXGroup section */
		C1C86AAD25B08C3900F24EE6 = {
			isa = PBXGroup;
			children = (
				C1C86AB825B08C3900F24EE6 /* EndPoint */,
				C1C86AB725B08C3900F24EE6 /* Products */,
			);
			sourceTree = "<group>";
		};
		C1C86AB725B08C3900F24EE6 /* Products */ = {
			isa = PBXGroup;
			children = (
				C1C86AB625B08C3900F24EE6 /* EndPoint.app */,
			);
			name = Products;
			sourceTree = "<group>";
		};
		C1C86AB825B08C3900F24EE6 /* EndPoint */ = {
			isa = PBXGroup;
			children = (
				C1C86AB925B08C3900F24EE6 /* AppDelegate.swift */,
				C1C86ABB25B08C3900F24EE6 /* SceneDelegate.swift */,
				C1C86AD525B2C50F00F24EE6 /* common.swift */,
				C1C86ABD25B08C3900F24EE6 /* ViewController.swift */,
				C1C86ACD25B2C3FA00F24EE6 /* HistoryViewController.swift */,
				C1C86AD325B2C4E700F24EE6 /* DetailViewController.swift */,
				C1C86ACF25B2C44000F24EE6 /* MyTableViewCell.swift */,
				C1C86AD025B2C44000F24EE6 /* MyTableViewCell.xib */,
				C1C86ABF25B08C3900F24EE6 /* Main.storyboard */,
				C1C86AC225B08C3B00F24EE6 /* Assets.xcassets */,
				C1C86AC425B08C3B00F24EE6 /* LaunchScreen.storyboard */,
				C1C86AC725B08C3B00F24EE6 /* Info.plist */,
			);
			path = EndPoint;
			sourceTree = "<group>";
		};
/* End PBXGroup section */

/* Begin PBXNativeTarget section */
		C1C86AB525B08C3900F24EE6 /* EndPoint */ = {
			isa = PBXNativeTarget;
			buildConfigurationList = C1C86ACA25B08C3B00F24EE6 /* Build configuration list for PBXNativeTarget "EndPoint" */;
			buildPhases = (
				C1C86AB225B08C3900F24EE6 /* Sources */,
				C1C86AB325B08C3900F24EE6 /* Frameworks */,
				C1C86AB425B08C3900F24EE6 /* Resources */,
			);
			buildRules = (
			);
			dependencies = (
			);
			name = EndPoint;
			productName = EndPoint;
			productReference = C1C86AB625B08C3900F24EE6 /* EndPoint.app */;
			productType = "com.apple.product-type.application";
		};
/* End PBXNativeTarget section */

/* Begin PBXProject section */
		C1C86AAE25B08C3900F24EE6 /* Project object */ = {
			isa = PBXProject;
			attributes = {
				LastSwiftUpdateCheck = 1160;
				LastUpgradeCheck = 1160;
				ORGANIZATIONNAME = wbb;
				TargetAttributes = {
					C1C86AB525B08C3900F24EE6 = {
						CreatedOnToolsVersion = 11.6;
					};
				};
			};
			buildConfigurationList = C1C86AB125B08C3900F24EE6 /* Build configuration list for PBXProject "EndPoint" */;
			compatibilityVersion = "Xcode 9.3";
			developmentRegion = en;
			hasScannedForEncodings = 0;
			knownRegions = (
				en,
				Base,
			);
			mainGroup = C1C86AAD25B08C3900F24EE6;
			productRefGroup = C1C86AB725B08C3900F24EE6 /* Products */;
			projectDirPath = "";
			projectRoot = "";
			targets = (
				C1C86AB525B08C3900F24EE6 /* EndPoint */,
			);
		};
/* End PBXProject section */

/* Begin PBXResourcesBuildPhase section */
		C1C86AB425B08C3900F24EE6 /* Resources */ = {
			isa = PBXResourcesBuildPhase;
			buildActionMask = 2147483647;
			files = (
				C1C86AC625B08C3B00F24EE6 /* LaunchScreen.storyboard in Resources */,
				C1C86AD225B2C44000F24EE6 /* MyTableViewCell.xib in Resources */,
				C1C86AC325B08C3B00F24EE6 /* Assets.xcassets in Resources */,
				C1C86AC125B08C3900F24EE6 /* Main.storyboard in Resources */,
			);
			runOnlyForDeploymentPostprocessing = 0;
		};
/* End PBXResourcesBuildPhase section */

/* Begin PBXSourcesBuildPhase section */
		C1C86AB225B08C3900F24EE6 /* Sources */ = {
			isa = PBXSourcesBuildPhase;
			buildActionMask = 2147483647;
			files = (
				C1C86AD625B2C50F00F24EE6 /* common.swift in Sources */,
				C1C86ABE25B08C3900F24EE6 /* ViewController.swift in Sources */,
				C1C86ABA25B08C3900F24EE6 /* AppDelegate.swift in Sources */,
				C1C86ABC25B08C3900F24EE6 /* SceneDelegate.swift in Sources */,
				C1C86AD425B2C4E700F24EE6 /* DetailViewController.swift in Sources */,
				C1C86AD125B2C44000F24EE6 /* MyTableViewCell.swift in Sources */,
				C1C86ACE25B2C3FA00F24EE6 /* HistoryViewController.swift in Sources */,
			);
			runOnlyForDeploymentPostprocessing = 0;
		};
/* End PBXSourcesBuildPhase section */

/* Begin PBXVariantGroup section */
		C1C86ABF25B08C3900F24EE6 /* Main.storyboard */ = {
			isa = PBXVariantGroup;
			children = (
				C1C86AC025B08C3900F24EE6 /* Base */,
			);
			name = Main.storyboard;
			sourceTree = "<group>";
		};
		C1C86AC425B08C3B00F24EE6 /* LaunchScreen.storyboard */ = {
			isa = PBXVariantGroup;
			children = (
				C1C86AC525B08C3B00F24EE6 /* Base */,
			);
			name = LaunchScreen.storyboard;
			sourceTree = "<group>";
		};
/* End PBXVariantGroup section */

/* Begin XCBuildConfiguration section */
		C1C86AC825B08C3B00F24EE6 /* Debug */ = {
			isa = XCBuildConfiguration;
			buildSettings = {
				ALWAYS_SEARCH_USER_PATHS = NO;
				CLANG_ANALYZER_NONNULL = YES;
				CLANG_ANALYZER_NUMBER_OBJECT_CONVERSION = YES_AGGRESSIVE;
				CLANG_CXX_LANGUAGE_STANDARD = "gnu++14";
				CLANG_CXX_LIBRARY = "libc++";
				CLANG_ENABLE_MODULES = YES;
				CLANG_ENABLE_OBJC_ARC = YES;
				CLANG_ENABLE_OBJC_WEAK = YES;
				CLANG_WARN_BLOCK_CAPTURE_AUTORELEASING = YES;
				CLANG_WARN_BOOL_CONVERSION = YES;
				CLANG_WARN_COMMA = YES;
				CLANG_WARN_CONSTANT_CONVERSION = YES;
				CLANG_WARN_DEPRECATED_OBJC_IMPLEMENTATIONS = YES;
				CLANG_WARN_DIRECT_OBJC_ISA_USAGE = YES_ERROR;
				CLANG_WARN_DOCUMENTATION_COMMENTS = YES;
				CLANG_WARN_EMPTY_BODY = YES;
				CLANG_WARN_ENUM_CONVERSION = YES;
				CLANG_WARN_INFINITE_RECURSION = YES;
				CLANG_WARN_INT_CONVERSION = YES;
				CLANG_WARN_NON_LITERAL_NULL_CONVERSION = YES;
				CLANG_WARN_OBJC_IMPLICIT_RETAIN_SELF = YES;
				CLANG_WARN_OBJC_LITERAL_CONVERSION = YES;
				CLANG_WARN_OBJC_ROOT_CLASS = YES_ERROR;
				CLANG_WARN_RANGE_LOOP_ANALYSIS = YES;
				CLANG_WARN_STRICT_PROTOTYPES = YES;
				CLANG_WARN_SUSPICIOUS_MOVE = YES;
				CLANG_WARN_UNGUARDED_AVAILABILITY = YES_AGGRESSIVE;
				CLANG_WARN_UNREACHABLE_CODE = YES;
				CLANG_WARN__DUPLICATE_METHOD_MATCH = YES;
				COPY_PHASE_STRIP = NO;
				DEBUG_INFORMATION_FORMAT = dwarf;
				ENABLE_STRICT_OBJC_MSGSEND = YES;
				ENABLE_TESTABILITY = YES;
				GCC_C_LANGUAGE_STANDARD = gnu11;
				GCC_DYNAMIC_NO_PIC = NO;
				GCC_NO_COMMON_BLOCKS = YES;
				GCC_OPTIMIZATION_LEVEL = 0;
				GCC_PREPROCESSOR_DEFINITIONS = (
					"DEBUG=1",
					"$(inherited)",
				);
				GCC_WARN_64_TO_32_BIT_CONVERSION = YES;
				GCC_WARN_ABOUT_RETURN_TYPE = YES_ERROR;
				GCC_WARN_UNDECLARED_SELECTOR = YES;
				GCC_WARN_UNINITIALIZED_AUTOS = YES_AGGRESSIVE;
				GCC_WARN_UNUSED_FUNCTION = YES;
				GCC_WARN_UNUSED_VARIABLE = YES;
				IPHONEOS_DEPLOYMENT_TARGET = 13.6;
				MTL_ENABLE_DEBUG_INFO = INCLUDE_SOURCE;
				MTL_FAST_MATH = YES;
				ONLY_ACTIVE_ARCH = YES;
				SDKROOT = iphoneos;
				SWIFT_ACTIVE_COMPILATION_CONDITIONS = DEBUG;
				SWIFT_OPTIMIZATION_LEVEL = "-Onone";
			};
			name = Debug;
		};
		C1C86AC925B08C3B00F24EE6 /* Release */ = {
			isa = XCBuildConfiguration;
			buildSettings = {
				ALWAYS_SEARCH_USER_PATHS = NO;
				CLANG_ANALYZER_NONNULL = YES;
				CLANG_ANALYZER_NUMBER_OBJECT_CONVERSION = YES_AGGRESSIVE;
				CLANG_CXX_LANGUAGE_STANDARD = "gnu++14";
				CLANG_CXX_LIBRARY = "libc++";
				CLANG_ENABLE_MODULES = YES;
				CLANG_ENABLE_OBJC_ARC = YES;
				CLANG_ENABLE_OBJC_WEAK = YES;
				CLANG_WARN_BLOCK_CAPTURE_AUTORELEASING = YES;
				CLANG_WARN_BOOL_CONVERSION = YES;
				CLANG_WARN_COMMA = YES;
				CLANG_WARN_CONSTANT_CONVERSION = YES;
				CLANG_WARN_DEPRECATED_OBJC_IMPLEMENTATIONS = YES;
				CLANG_WARN_DIRECT_OBJC_ISA_USAGE = YES_ERROR;
				CLANG_WARN_DOCUMENTATION_COMMENTS = YES;
				CLANG_WARN_EMPTY_BODY = YES;
				CLANG_WARN_ENUM_CONVERSION = YES;
				CLANG_WARN_INFINITE_RECURSION = YES;
				CLANG_WARN_INT_CONVERSION = YES;
				CLANG_WARN_NON_LITERAL_NULL_CONVERSION = YES;
				CLANG_WARN_OBJC_IMPLICIT_RETAIN_SELF = YES;
				CLANG_WARN_OBJC_LITERAL_CONVERSION = YES;
				CLANG_WARN_OBJC_ROOT_CLASS = YES_ERROR;
				CLANG_WARN_RANGE_LOOP_ANALYSIS = YES;
				CLANG_WARN_STRICT_PROTOTYPES = YES;
				CLANG_WARN_SUSPICIOUS_MOVE = YES;
				CLANG_WARN_UNGUARDED_AVAILABILITY = YES_AGGRESSIVE;
				CLANG_WARN_UNREACHABLE_CODE = YES;
				CLANG_WARN__DUPLICATE_METHOD_MATCH = YES;
				COPY_PHASE_STRIP = NO;
				DEBUG_INFORMATION_FORMAT = "dwarf-with-dsym";
				ENABLE_NS_ASSERTIONS = NO;
				ENABLE_STRICT_OBJC_MSGSEND = YES;
				GCC_C_LANGUAGE_STANDARD = gnu11;
				GCC_NO_COMMON_BLOCKS = YES;
				GCC_WARN_64_TO_32_BIT_CONVERSION = YES;
				GCC_WARN_ABOUT_RETURN_TYPE = YES_ERROR;
				GCC_WARN_UNDECLARED_SELECTOR = YES;
				GCC_WARN_UNINITIALIZED_AUTOS = YES_AGGRESSIVE;
				GCC_WARN_UNUSED_FUNCTION = YES;
				GCC_WARN_UNUSED_VARIABLE = YES;
				IPHONEOS_DEPLOYMENT_TARGET = 13.6;
				MTL_ENABLE_DEBUG_INFO = NO;
				MTL_FAST_MATH = YES;
				SDKROOT = iphoneos;
				SWIFT_COMPILATION_MODE = wholemodule;
				SWIFT_OPTIMIZATION_LEVEL = "-O";
				VALIDATE_PRODUCT = YES;
			};
			name = Release;
		};
		C1C86ACB25B08C3B00F24EE6 /* Debug */ = {
			isa = XCBuildConfiguration;
			buildSettings = {
				ASSETCATALOG_COMPILER_APPICON_NAME = AppIcon;
				CODE_SIGN_STYLE = Automatic;
				INFOPLIST_FILE = EndPoint/Info.plist;
				LD_RUNPATH_SEARCH_PATHS = (
					"$(inherited)",
					"@executable_path/Frameworks",
				);
				PRODUCT_BUNDLE_IDENTIFIER = com.wbb.EndPoint;
				PRODUCT_NAME = "$(TARGET_NAME)";
				SWIFT_VERSION = 5.0;
				TARGETED_DEVICE_FAMILY = "1,2";
			};
			name = Debug;
		};
		C1C86ACC25B08C3B00F24EE6 /* Release */ = {
			isa = XCBuildConfiguration;
			buildSettings = {
				ASSETCATALOG_COMPILER_APPICON_NAME = AppIcon;
				CODE_SIGN_STYLE = Automatic;
				INFOPLIST_FILE = EndPoint/Info.plist;
				LD_RUNPATH_SEARCH_PATHS = (
					"$(inherited)",
					"@executable_path/Frameworks",
				);
				PRODUCT_BUNDLE_IDENTIFIER = com.wbb.EndPoint;
				PRODUCT_NAME = "$(TARGET_NAME)";
				SWIFT_VERSION = 5.0;
				TARGETED_DEVICE_FAMILY = "1,2";
			};
			name = Release;
		};
/* End XCBuildConfiguration section */

/* Begin XCConfigurationList section */
		C1C86AB125B08C3900F24EE6 /* Build configuration list for PBXProject "EndPoint" */ = {
			isa = XCConfigurationList;
			buildConfigurations = (
				C1C86AC825B08C3B00F24EE6 /* Debug */,
				C1C86AC925B08C3B00F24EE6 /* Release */,
			);
			defaultConfigurationIsVisible = 0;
			defaultConfigurationName = Release;
		};
		C1C86ACA25B08C3B00F24EE6 /* Build configuration list for PBXNativeTarget "EndPoint" */ = {
			isa = XCConfigurationList;
			buildConfigurations = (
				C1C86ACB25B08C3B00F24EE6 /* Debug */,
				C1C86ACC25B08C3B00F24EE6 /* Release */,
			);
			defaultConfigurationIsVisible = 0;
			defaultConfigurationName = Release;
		};
/* End XCConfigurationList section */
	};
	rootObject = C1C86AAE25B08C3900F24EE6 /* Project object */;
}
